# This file is autogenerated, do not edit; changes may be undone by the next 'dep ensure'.


[[projects]]
  digest = "1:8e47871087b94913898333f37af26732faaab30cdb41571136cf7aec9921dae7"
  name = "github.com/PuerkitoBio/purell"
  packages = ["."]
  pruneopts = ""
  revision = "0bcb03f4b4d0a9428594752bd2a3b9aa0a9d4bd4"
  version = "v1.1.0"

[[projects]]
  branch = "master"
  digest = "1:331a419049c2be691e5ba1d24342fc77c7e767a80c666a18fd8a9f7b82419c1c"
  name = "github.com/PuerkitoBio/urlesc"
  packages = ["."]
  pruneopts = ""
  revision = "de5bf2ad457846296e2031421a34e2568e304e35"

[[projects]]
  digest = "1:5514a4cbe6c64979dfa569a36cb503a4669cf46e4b3eff93db883fa3fd8a1478"
  name = "github.com/aws/aws-sdk-go"
  packages = [
    "aws",
    "aws/arn",
    "aws/awserr",
    "aws/awsutil",
    "aws/client",
    "aws/client/metadata",
    "aws/corehandlers",
    "aws/credentials",
    "aws/credentials/ec2rolecreds",
    "aws/credentials/endpointcreds",
    "aws/credentials/processcreds",
    "aws/credentials/stscreds",
    "aws/csm",
    "aws/defaults",
    "aws/ec2metadata",
    "aws/endpoints",
    "aws/request",
    "aws/session",
    "aws/signer/v4",
    "internal/ini",
    "internal/sdkio",
    "internal/sdkrand",
    "internal/sdkuri",
    "internal/shareddefaults",
    "private/protocol",
    "private/protocol/ec2query",
    "private/protocol/query",
    "private/protocol/query/queryutil",
    "private/protocol/rest",
    "private/protocol/xml/xmlutil",
    "service/ec2",
    "service/sts",
  ]
  pruneopts = ""
  revision = "d75ca9c91e5bcf0c3adb9672a786ac65e8073a6e"
  version = "v1.16.13"

[[projects]]
  branch = "master"
  digest = "1:0c5485088ce274fac2e931c1b979f2619345097b39d91af3239977114adf0320"
  name = "github.com/beorn7/perks"
  packages = ["quantile"]
  pruneopts = ""
  revision = "4c0e84591b9aa9e6dcfdf3e020114cd81f89d5f9"

[[projects]]
  branch = "master"
  digest = "1:61eda50b1c7785c6d876b3d31053a677313d5a85309668f29f7cb6d7ac0f0ab6"
  name = "github.com/christopherhein/go-version"
  packages = ["."]
  pruneopts = ""
  revision = "fee8dd1f7c24da23508e26347694be0acce5631b"

[[projects]]
  digest = "1:f5d7ff39c266d97b0e854e96ac2845f2b55ccc42f92a6ea5ec8c39adb79ef64f"
  name = "github.com/emicklei/go-restful"
  packages = [
    ".",
    "log",
  ]
  pruneopts = ""
  revision = "5741799b275a3c4a5a9623a993576d7545cf7b5c"
  version = "v2.4.0"

[[projects]]
  digest = "1:9f1e571696860f2b4f8a241b43ce91c6085e7aaed849ccca53f590a4dc7b95bd"
  name = "github.com/fsnotify/fsnotify"
  packages = ["."]
  pruneopts = ""
  revision = "629574ca2a5df945712d3079857300b5e4da0236"
  version = "v1.4.2"

[[projects]]
  branch = "master"
  digest = "1:1287439f7765209116509fffff2b8f853845e4b35572b41a1aadda42cbcffcc2"
  name = "github.com/go-openapi/jsonpointer"
  packages = ["."]
  pruneopts = ""
  revision = "779f45308c19820f1a69e9a4cd965f496e0da10f"

[[projects]]
  branch = "master"
  digest = "1:07ac8ac445f68b0bc063d11845d479fb7e09c906ead7a8c4165b59777df09d74"
  name = "github.com/go-openapi/jsonreference"
  packages = ["."]
  pruneopts = ""
  revision = "36d33bfe519efae5632669801b180bf1a245da3b"

[[projects]]
  branch = "master"
  digest = "1:c94b832c255eb33020a080f0bf38943b09c6465a5214c85b851d691b8f92dd7c"
  name = "github.com/go-openapi/spec"
  packages = ["."]
  pruneopts = ""
  revision = "48c2a7185575f9103a5a3863eff950bb776899d2"

[[projects]]
  branch = "master"
  digest = "1:36719a3acee94981a22a5572a0e1b7310bae6240e80d665db59eb43efdeb8bea"
  name = "github.com/go-openapi/swag"
  packages = ["."]
  pruneopts = ""
  revision = "f3f9494671f93fcff853e3c6e9e948b3eb71e590"

[[projects]]
  digest = "1:70a80170917a15e1ff02faab5f9e716e945e0676e86599ba144d38f96e30c3bf"
  name = "github.com/gogo/protobuf"
  packages = [
    "proto",
    "sortkeys",
  ]
  pruneopts = ""
  revision = "342cbe0a04158f6dcb03ca0079991a51a4248c02"
  version = "v0.5"

[[projects]]
  branch = "master"
  digest = "1:107b233e45174dbab5b1324201d092ea9448e58243ab9f039e4c0f332e121e3a"
  name = "github.com/golang/glog"
  packages = ["."]
  pruneopts = ""
  revision = "23def4e6c14b4da8ac2ed8007337bc5eb5007998"

[[projects]]
  branch = "master"
  digest = "1:3b760d3b93f994df8eb1d9ebfad17d3e9e37edcb7f7efaa15b427c0d7a64f4e4"
  name = "github.com/golang/protobuf"
  packages = ["proto"]
  pruneopts = ""
  revision = "1e59b77b52bf8e4b449a57e6f79f21226d571845"

[[projects]]
  branch = "master"
  digest = "1:754f77e9c839b24778a4b64422236d38515301d2baeb63113aa3edc42e6af692"
  name = "github.com/google/gofuzz"
  packages = ["."]
  pruneopts = ""
  revision = "24818f796faf91cd76ec7bddd72458fbced7a6c1"

[[projects]]
  branch = "master"
  digest = "1:9102073b9dc75a26cc6105f667e1db2b19b00525f9f8a2dc37f0c8625288db91"
  name = "github.com/hashicorp/hcl"
  packages = [
    ".",
    "hcl/ast",
    "hcl/parser",
    "hcl/scanner",
    "hcl/strconv",
    "hcl/token",
    "json/parser",
    "json/scanner",
    "json/token",
  ]
  pruneopts = ""
  revision = "42e33e2d55a0ff1d6263f738896ea8c13571a8d0"

[[projects]]
  digest = "1:870d441fe217b8e689d7949fef6e43efbc787e50f200cb1e70dbca9204a1d6be"
  name = "github.com/inconshreveable/mousetrap"
  packages = ["."]
  pruneopts = ""
  revision = "76626ae9c91c4f2a10f34cad8ce83ea42c93bb75"
  version = "v1.0"

[[projects]]
  digest = "1:13fe471d0ed891e8544eddfeeb0471fd3c9f2015609a1c000aefdedf52a19d40"
  name = "github.com/jmespath/go-jmespath"
  packages = ["."]
  pruneopts = ""
  revision = "c2b33e84"

[[projects]]
  digest = "1:1ce378ab2352c756c6d7a0172c22ecbd387659d32712a4ce3bc474273309a5dc"
  name = "github.com/magiconair/properties"
  packages = ["."]
  pruneopts = ""
  revision = "be5ece7dd465ab0765a9682137865547526d1dfb"
  version = "v1.7.3"

[[projects]]
  branch = "master"
  digest = "1:3e23767a452cc8dfb2b0a06f633f6f01f94a5781ccbd1e0ce8510e846c3b2550"
  name = "github.com/mailru/easyjson"
  packages = [
    "buffer",
    "jlexer",
    "jwriter",
  ]
  pruneopts = ""
  revision = "2a92e673c9a6302dd05c3a691ae1f24aef46457d"

[[projects]]
  digest = "1:4c23ced97a470b17d9ffd788310502a077b9c1f60221a85563e49696276b4147"
  name = "github.com/matttproud/golang_protobuf_extensions"
  packages = ["pbutil"]
  pruneopts = ""
  revision = "3247c84500bff8d9fb6d579d800f20b3e091582c"
  version = "v1.0.0"

[[projects]]
  branch = "master"
  digest = "1:c9ede10a9ded782d25d1f0be87c680e11409c23554828f19a19d691a95e76130"
  name = "github.com/mitchellh/mapstructure"
  packages = ["."]
  pruneopts = ""
  revision = "d0303fe809921458f417bcf828397a65db30a7e4"

[[projects]]
  digest = "1:9c740db1f7015dffa093aa5c70862d277fe49f5e92b56ca5d0d69ef0e37c01db"
  name = "github.com/pelletier/go-toml"
  packages = ["."]
  pruneopts = ""
  revision = "16398bac157da96aa88f98a2df640c7f32af1da2"
  version = "v1.0.1"

[[projects]]
  digest = "1:2f69dc6b2685b31a1a410ef697410aa8a669704fb201d45dbd8c1911728afa75"
  name = "github.com/prometheus/client_golang"
  packages = [
    "prometheus",
    "prometheus/promhttp",
  ]
  pruneopts = ""
  revision = "967789050ba94deca04a5e84cce8ad472ce313c1"
  version = "v0.9.0-pre1"

[[projects]]
  branch = "master"
  digest = "1:60aca47f4eeeb972f1b9da7e7db51dee15ff6c59f7b401c1588b8e6771ba15ef"
  name = "github.com/prometheus/client_model"
  packages = ["go"]
  pruneopts = ""
  revision = "99fa1f4be8e564e8a6b613da7fa6f46c9edafc6c"

[[projects]]
  branch = "master"
  digest = "1:e3aa5178be4fc4ae8cdb37d11c02f7490c00450a9f419e6aa84d02d3b47e90d2"
  name = "github.com/prometheus/common"
  packages = [
    "expfmt",
    "internal/bitbucket.org/ww/goautoneg",
    "model",
  ]
  pruneopts = ""
  revision = "2e54d0b93cba2fd133edc32211dcc32c06ef72ca"

[[projects]]
  branch = "master"
  digest = "1:f0857d075687b4ddebb10c8403d5fec9f093f7208b34ed5b6f3101ee2e77cec5"
  name = "github.com/prometheus/procfs"
  packages = [
    ".",
    "xfs",
  ]
  pruneopts = ""
  revision = "b15cd069a83443be3154b719d0cc9fe8117f09fb"

[[projects]]
  digest = "1:3ac248add5bb40a3c631c5334adcd09aa72d15af2768a5bc0274084ea7b2e5ba"
  name = "github.com/sirupsen/logrus"
  packages = ["."]
  pruneopts = ""
  revision = "f006c2ac4710855cf0f916dd6b77acf6b048dc6e"
  version = "v1.0.3"

[[projects]]
  branch = "master"
  digest = "1:41c42c90e5937fe6daf97ea35ab201118b2b88cc45ec9f7244f9ecb26c2fa27e"
  name = "github.com/spf13/afero"
  packages = [
    ".",
    "mem",
  ]
  pruneopts = ""
  revision = "e67d870304c4bca21331b02f414f970df13aa694"

[[projects]]
  digest = "1:6ff9b74bfea2625f805edec59395dc37e4a06458dd3c14e3372337e3d35a2ed6"
  name = "github.com/spf13/cast"
  packages = ["."]
  pruneopts = ""
  revision = "acbeb36b902d72a7a4c18e8f3241075e7ab763e4"
  version = "v1.1.0"

[[projects]]
  branch = "master"
  digest = "1:1c87b07f70f0eeee34aaf25612b7f59a74e0f04e90dad2cb87768c083370c5fb"
  name = "github.com/spf13/cobra"
  packages = ["."]
  pruneopts = ""
  revision = "40f18800b20df8f74ad2b02aa4e56748a3d17239"

[[projects]]
  branch = "master"
  digest = "1:5cb42b990db5dc48b8bc23b6ee77b260713ba3244ca495cd1ed89533dc482a49"
  name = "github.com/spf13/jwalterweatherman"
  packages = ["."]
  pruneopts = ""
  revision = "12bd96e66386c1960ab0f74ced1362f66f552f7b"

[[projects]]
  digest = "1:261bc565833ef4f02121450d74eb88d5ae4bd74bfe5d0e862cddb8550ec35000"
  name = "github.com/spf13/pflag"
  packages = ["."]
  pruneopts = ""
  revision = "e57e3eeb33f795204c1ca35f56c44f83227c6e66"
  version = "v1.0.0"

[[projects]]
  digest = "1:59354ad53dfe6ed1b941844cb029cd37c0377598eec3a0d49c03aee2375ef9c4"
  name = "github.com/spf13/viper"
  packages = ["."]
  pruneopts = ""
  revision = "25b30aa063fc18e48662b86996252eabdcf2f0c7"
  version = "v1.0.0"

[[projects]]
  branch = "master"
  digest = "1:d2438f1c85d855408197edcbac2ba137513738ccefbd12396b0af99d5449880b"
  name = "golang.org/x/crypto"
  packages = ["ssh/terminal"]
  pruneopts = ""
  revision = "9419663f5a44be8b34ca85f08abc5fe1be11f8a3"

[[projects]]
  branch = "master"
  digest = "1:898bc7c802c1e0c20cecd65811e90b7b9bc5651b4a07aefd159451bfb200b2b3"
  name = "golang.org/x/net"
  packages = [
    "http2",
    "http2/hpack",
    "idna",
    "lex/httplex",
  ]
  pruneopts = ""
  revision = "a04bdaca5b32abe1c069418fb7088ae607de5bd0"

[[projects]]
  branch = "master"
  digest = "1:5cfdfd9ad3bb16158ab73df545388f3d5af149972a9a537e06c26b9d32006ba4"
  name = "golang.org/x/sys"
  packages = [
    "unix",
    "windows",
  ]
  pruneopts = ""
  revision = "ebfc5b4631820b793c9010c87fd8fef0f39eb082"

[[projects]]
  branch = "master"
  digest = "1:8a98447a655e9451c05e6dad5b58c037c4afd97d59b2da79dcdac646fdebfea4"
  name = "golang.org/x/text"
  packages = [
    "collate",
    "collate/build",
    "internal/colltab",
    "internal/gen",
    "internal/tag",
    "internal/triegen",
    "internal/ucd",
    "language",
    "secure/bidirule",
    "transform",
    "unicode/bidi",
    "unicode/cldr",
    "unicode/norm",
    "unicode/rangetable",
    "width",
  ]
  pruneopts = ""
  revision = "825fc78a2fd6fa0a5447e300189e3219e05e1f25"

[[projects]]
  digest = "1:e5d1fb981765b6f7513f793a3fcaac7158408cca77f75f7311ac82cc88e9c445"
  name = "gopkg.in/inf.v0"
  packages = ["."]
  pruneopts = ""
  revision = "3887ee99ecf07df5b447e9b00d9c0b2adaa9f3e4"
  version = "v0.9.0"

[[projects]]
  branch = "v2"
  digest = "1:81314a486195626940617e43740b4fa073f265b0715c9f54ce2027fee1cb5f61"
  name = "gopkg.in/yaml.v2"
  packages = ["."]
  pruneopts = ""
  revision = "eb3733d160e74a9c7e442f435eb3bea458e1d19f"

[[projects]]
  branch = "master"
  digest = "1:1f01f76a88650a8d35ebc5c40a73dcff9c98bdb4b75af260419ecd9b1f8b49af"
  name = "k8s.io/api"
  packages = ["authentication/v1beta1"]
  pruneopts = ""
  revision = "8759fda11383a1087cf16b1500ce5804fa9f32e7"

[[projects]]
  digest = "1:a3e91c6cbe31396cd53da6c83745f1278a3d4115eae2fffe953e8a059b8bc49c"
  name = "k8s.io/apimachinery"
  packages = [
    "pkg/api/resource",
    "pkg/apis/meta/v1",
    "pkg/conversion",
    "pkg/conversion/queryparams",
    "pkg/fields",
    "pkg/labels",
    "pkg/runtime",
    "pkg/runtime/schema",
    "pkg/selection",
    "pkg/types",
    "pkg/util/errors",
    "pkg/util/intstr",
    "pkg/util/json",
    "pkg/util/net",
    "pkg/util/runtime",
    "pkg/util/sets",
    "pkg/util/validation",
    "pkg/util/validation/field",
    "pkg/util/wait",
    "pkg/watch",
    "third_party/forked/golang/reflect",
  ]
  pruneopts = ""
  revision = "19e3f5aa3adca672c153d324e6b7d82ff8935f03"
  version = "kubernetes-1.9.3"

[[projects]]
  digest = "1:071cc2f032b701b9dba26568e040940f26931a49e3a3985f3375f17f7f6d9c5f"
  name = "k8s.io/client-go"
  packages = [
    "pkg/apis/clientauthentication",
    "pkg/apis/clientauthentication/v1alpha1",
  ]
  pruneopts = ""
  revision = "23781f4d6632d88e869066eaebb743857aa1ef9b"
  version = "v7.0.0"

[[projects]]
  branch = "master"
  digest = "1:3a5678d51679e111a07a7a815bab811b6388fb9977dcdcfdb0d29bff008882a9"
  name = "k8s.io/kube-openapi"
  packages = ["pkg/common"]
  pruneopts = ""
  revision = "abfc5fbe1cf87ee697db107fdfd24c32fe4397a8"

[solve-meta]
  analyzer-name = "dep"
  analyzer-version = 1
  input-imports = [
    "github.com/aws/aws-sdk-go/aws",
    "github.com/aws/aws-sdk-go/aws/arn",
    "github.com/aws/aws-sdk-go/aws/credentials",
    "github.com/aws/aws-sdk-go/aws/credentials/stscreds",
    "github.com/aws/aws-sdk-go/aws/ec2metadata",
    "github.com/aws/aws-sdk-go/aws/endpoints",
    "github.com/aws/aws-sdk-go/aws/session",
    "github.com/aws/aws-sdk-go/service/ec2",
    "github.com/aws/aws-sdk-go/service/sts",
    "github.com/christopherhein/go-version",
    "github.com/prometheus/client_golang/prometheus",
    "github.com/prometheus/client_golang/prometheus/promhttp",
    "github.com/sirupsen/logrus",
    "github.com/spf13/cobra",
    "github.com/spf13/viper",
    "k8s.io/api/authentication/v1beta1",
    "k8s.io/apimachinery/pkg/apis/meta/v1",
    "k8s.io/client-go/pkg/apis/clientauthentication/v1alpha1",
  ]
  solver-name = "gps-cdcl"
  solver-version = 1
